
Microsoft Visual Studio Solution File, Format Version 12.00
# Visual Studio 2013
VisualStudioVersion = 12.0.21005.1
MinimumVisualStudioVersion = 10.0.40219.1
Project("{FAE04EC0-301F-11D3-BF4B-00C04F79EFBC}") = "ComPort", "ComPort\ComPort.csproj", "{B37AD2B5-8822-49D5-B766-48CF1C5FE569}"
EndProject
Project("{FAE04EC0-301F-11D3-BF4B-00C04F79EFBC}") = "Test20311M", "Test20311M\Test20311M.csproj", "{CB754B67-4544-437C-BAAF-D8D855F3B2C4}"
EndProject
Project("{2150E333-8FDC-42A3-9474-1A3956D46DE8}") = "Solution Items", "Solution Items", "{6F5DC2AA-11A9-41C5-A409-04206B4F5F46}"
EndProject
Global
	GlobalSection(SolutionConfigurationPlatforms) = preSolution
		Debug|Any CPU = Debug|Any CPU
		Release|Any CPU = Release|Any CPU
	EndGlobalSection
	GlobalSection(ProjectConfigurationPlatforms) = postSolution
		{B37AD2B5-8822-49D5-B766-48CF1C5FE569}.Debug|Any CPU.ActiveCfg = Debug|Any CPU
		{B37AD2B5-8822-49D5-B766-48CF1C5FE569}.Debug|Any CPU.Build.0 = Debug|Any CPU
		{B37AD2B5-8822-49D5-B766-48CF1C5FE569}.Release|Any CPU.ActiveCfg = Release|Any CPU
		{B37AD2B5-8822-49D5-B766-48CF1C5FE569}.Release|Any CPU.Build.0 = Release|Any CPU
		{CB754B67-4544-437C-BAAF-D8D855F3B2C4}.Debug|Any CPU.ActiveCfg = Debug|Any CPU
		{CB754B67-4544-437C-BAAF-D8D855F3B2C4}.Debug|Any CPU.Build.0 = Debug|Any CPU
		{CB754B67-4544-437C-BAAF-D8D855F3B2C4}.Release|Any CPU.ActiveCfg = Release|Any CPU
		{CB754B67-4544-437C-BAAF-D8D855F3B2C4}.Release|Any CPU.Build.0 = Release|Any CPU
	EndGlobalSection
	GlobalSection(SolutionProperties) = preSolution
		HideSolutionNode = FALSE
	EndGlobalSection
EndGlobal
